
Microsoft Visual Studio Solution File, Format Version 12.00
# Visual Studio 15
VisualStudioVersion = 15.0.27130.2027
MinimumVisualStudioVersion = 10.0.40219.1
Project("{9A19103F-16F7-4668-BE54-9A1E7A4F7556}") = "Worldshifters.Abstractions", "Worldshifters.Abstractions\Worldshifters.Abstractions.csproj", "{F8C78E79-62E0-404E-BC55-0C4603B12B22}"
EndProject
Project("{9A19103F-16F7-4668-BE54-9A1E7A4F7556}") = "Worldshifters.Open", "Worldshifters.Open\Worldshifters.Open.csproj", "{9329A6C2-BBCE-419A-ABDF-2F15EC3A4D3D}"
EndProject
Global
	GlobalSection(SolutionConfigurationPlatforms) = preSolution
		Debug|Any CPU = Debug|Any CPU
		Release|Any CPU = Release|Any CPU
	EndGlobalSection
	GlobalSection(ProjectConfigurationPlatforms) = postSolution
		{F8C78E79-62E0-404E-BC55-0C4603B12B22}.Debug|Any CPU.ActiveCfg = Debug|Any CPU
		{F8C78E79-62E0-404E-BC55-0C4603B12B22}.Debug|Any CPU.Build.0 = Debug|Any CPU
		{F8C78E79-62E0-404E-BC55-0C4603B12B22}.Release|Any CPU.ActiveCfg = Release|Any CPU
		{F8C78E79-62E0-404E-BC55-0C4603B12B22}.Release|Any CPU.Build.0 = Release|Any CPU
		{9329A6C2-BBCE-419A-ABDF-2F15EC3A4D3D}.Debug|Any CPU.ActiveCfg = Debug|Any CPU
		{9329A6C2-BBCE-419A-ABDF-2F15EC3A4D3D}.Debug|Any CPU.Build.0 = Debug|Any CPU
		{9329A6C2-BBCE-419A-ABDF-2F15EC3A4D3D}.Release|Any CPU.ActiveCfg = Release|Any CPU
		{9329A6C2-BBCE-419A-ABDF-2F15EC3A4D3D}.Release|Any CPU.Build.0 = Release|Any CPU
	EndGlobalSection
	GlobalSection(SolutionProperties) = preSolution
		HideSolutionNode = FALSE
	EndGlobalSection
	GlobalSection(ExtensibilityGlobals) = postSolution
		SolutionGuid = {BCD4106A-5574-48CE-928F-71E29858F6CA}
	EndGlobalSection
EndGlobal
